// !$*UTF8*$!
{
	archiveVersion = 1;
	classes = {
	};
	objectVersion = 56;
	objects = {

/* Begin PBXBuildFile section */
		180A7BE92C6A7D44009AD6E1 /* GuessGameModel.swift in Sources */ = {isa = PBXBuildFile; fileRef = 180A7BE82C6A7D44009AD6E1 /* GuessGameModel.swift */; };
		18944E522C52ED8D0055DF9F /* PlayWithMax_1_0App.swift in Sources */ = {isa = PBXBuildFile; fileRef = 18944E512C52ED8D0055DF9F /* PlayWithMax_1_0App.swift */; };
		18944E542C52ED8D0055DF9F /* ContentView.swift in Sources */ = {isa = PBXBuildFile; fileRef = 18944E532C52ED8D0055DF9F /* ContentView.swift */; };
		18944E562C52ED8F0055DF9F /* Assets.xcassets in Resources */ = {isa = PBXBuildFile; fileRef = 18944E552C52ED8F0055DF9F /* Assets.xcassets */; };
		18944E592C52ED8F0055DF9F /* Preview Assets.xcassets in Resources */ = {isa = PBXBuildFile; fileRef = 18944E582C52ED8F0055DF9F /* Preview Assets.xcassets */; };
		18944E632C52FC3B0055DF9F /* AudioPlayer.swift in Sources */ = {isa = PBXBuildFile; fileRef = 18944E622C52FC3B0055DF9F /* AudioPlayer.swift */; };
		18944E792C530C620055DF9F /* Model.swift in Sources */ = {isa = PBXBuildFile; fileRef = 18944E782C530C620055DF9F /* Model.swift */; };
		18944EEE2C53E6830055DF9F /* cat.mp3 in Resources */ = {isa = PBXBuildFile; fileRef = 18944EE22C53E6830055DF9F /* cat.mp3 */; };
		18944EEF2C53E6830055DF9F /* chicken.mp3 in Resources */ = {isa = PBXBuildFile; fileRef = 18944EE32C53E6830055DF9F /* chicken.mp3 */; };
		18944EF02C53E6830055DF9F /* cow.mp3 in Resources */ = {isa = PBXBuildFile; fileRef = 18944EE42C53E6830055DF9F /* cow.mp3 */; };
		18944EF12C53E6830055DF9F /* dog.mp3 in Resources */ = {isa = PBXBuildFile; fileRef = 18944EE52C53E6830055DF9F /* dog.mp3 */; };
		18944EF22C53E6830055DF9F /* donkey.mp3 in Resources */ = {isa = PBXBuildFile; fileRef = 18944EE62C53E6830055DF9F /* donkey.mp3 */; };
		18944EF32C53E6830055DF9F /* duck.mp3 in Resources */ = {isa = PBXBuildFile; fileRef = 18944EE72C53E6830055DF9F /* duck.mp3 */; };
		18944EF42C53E6830055DF9F /* goat.mp3 in Resources */ = {isa = PBXBuildFile; fileRef = 18944EE82C53E6830055DF9F /* goat.mp3 */; };
		18944EF52C53E6830055DF9F /* horse.mp3 in Resources */ = {isa = PBXBuildFile; fileRef = 18944EE92C53E6830055DF9F /* horse.mp3 */; };
		18944EF62C53E6830055DF9F /* pig.mp3 in Resources */ = {isa = PBXBuildFile; fileRef = 18944EEA2C53E6830055DF9F /* pig.mp3 */; };
		18944EF72C53E6830055DF9F /* rabbit.mp3 in Resources */ = {isa = PBXBuildFile; fileRef = 18944EEB2C53E6830055DF9F /* rabbit.mp3 */; };
		18944EF82C53E6830055DF9F /* sheep.mp3 in Resources */ = {isa = PBXBuildFile; fileRef = 18944EEC2C53E6830055DF9F /* sheep.mp3 */; };
		18944EFA2C53E70B0055DF9F /* GuessGameView.swift in Sources */ = {isa = PBXBuildFile; fileRef = 18944EF92C53E70B0055DF9F /* GuessGameView.swift */; };
		18944F032C584B180055DF9F /* ImageView.swift in Sources */ = {isa = PBXBuildFile; fileRef = 18944F022C584B180055DF9F /* ImageView.swift */; };
		18944F0B2C5BE4070055DF9F /* FarmAnimalsCardView.swift in Sources */ = {isa = PBXBuildFile; fileRef = 18944F0A2C5BE4070055DF9F /* FarmAnimalsCardView.swift */; };
		18944F0D2C5BE60C0055DF9F /* FarmAnimaEmojiCardView.swift in Sources */ = {isa = PBXBuildFile; fileRef = 18944F0C2C5BE60B0055DF9F /* FarmAnimaEmojiCardView.swift */; };
		18944F112C5C31D30055DF9F /* FarmAnimalsViewModel.swift in Sources */ = {isa = PBXBuildFile; fileRef = 18944F102C5C31D30055DF9F /* FarmAnimalsViewModel.swift */; };
		18944F132C5C371B0055DF9F /* MainMenuView.swift in Sources */ = {isa = PBXBuildFile; fileRef = 18944F122C5C371B0055DF9F /* MainMenuView.swift */; };
		18944F192C6266800055DF9F /* FlipCardView.swift in Sources */ = {isa = PBXBuildFile; fileRef = 18944F182C6266800055DF9F /* FlipCardView.swift */; };
/* End PBXBuildFile section */

/* Begin PBXFileReference section */
		180A7BE82C6A7D44009AD6E1 /* GuessGameModel.swift */ = {isa = PBXFileReference; lastKnownFileType = sourcecode.swift; path = GuessGameModel.swift; sourceTree = "<group>"; };
		18944E4E2C52ED8D0055DF9F /* PlayWithMax 1.0.app */ = {isa = PBXFileReference; explicitFileType = wrapper.application; includeInIndex = 0; path = "PlayWithMax 1.0.app"; sourceTree = BUILT_PRODUCTS_DIR; };
		18944E512C52ED8D0055DF9F /* PlayWithMax_1_0App.swift */ = {isa = PBXFileReference; lastKnownFileType = sourcecode.swift; path = PlayWithMax_1_0App.swift; sourceTree = "<group>"; };
		18944E532C52ED8D0055DF9F /* ContentView.swift */ = {isa = PBXFileReference; lastKnownFileType = sourcecode.swift; path = ContentView.swift; sourceTree = "<group>"; };
		18944E552C52ED8F0055DF9F /* Assets.xcassets */ = {isa = PBXFileReference; lastKnownFileType = folder.assetcatalog; path = Assets.xcassets; sourceTree = "<group>"; };
		18944E582C52ED8F0055DF9F /* Preview Assets.xcassets */ = {isa = PBXFileReference; lastKnownFileType = folder.assetcatalog; path = "Preview Assets.xcassets"; sourceTree = "<group>"; };
		18944E622C52FC3B0055DF9F /* AudioPlayer.swift */ = {isa = PBXFileReference; lastKnownFileType = sourcecode.swift; path = AudioPlayer.swift; sourceTree = "<group>"; };
		18944E782C530C620055DF9F /* Model.swift */ = {isa = PBXFileReference; lastKnownFileType = sourcecode.swift; path = Model.swift; sourceTree = "<group>"; };
		18944EE22C53E6830055DF9F /* cat.mp3 */ = {isa = PBXFileReference; lastKnownFileType = audio.mp3; path = cat.mp3; sourceTree = "<group>"; };
		18944EE32C53E6830055DF9F /* chicken.mp3 */ = {isa = PBXFileReference; lastKnownFileType = audio.mp3; path = chicken.mp3; sourceTree = "<group>"; };
		18944EE42C53E6830055DF9F /* cow.mp3 */ = {isa = PBXFileReference; lastKnownFileType = audio.mp3; path = cow.mp3; sourceTree = "<group>"; };
		18944EE52C53E6830055DF9F /* dog.mp3 */ = {isa = PBXFileReference; lastKnownFileType = audio.mp3; path = dog.mp3; sourceTree = "<group>"; };
		18944EE62C53E6830055DF9F /* donkey.mp3 */ = {isa = PBXFileReference; lastKnownFileType = audio.mp3; path = donkey.mp3; sourceTree = "<group>"; };
		18944EE72C53E6830055DF9F /* duck.mp3 */ = {isa = PBXFileReference; lastKnownFileType = audio.mp3; path = duck.mp3; sourceTree = "<group>"; };
		18944EE82C53E6830055DF9F /* goat.mp3 */ = {isa = PBXFileReference; lastKnownFileType = audio.mp3; path = goat.mp3; sourceTree = "<group>"; };
		18944EE92C53E6830055DF9F /* horse.mp3 */ = {isa = PBXFileReference; lastKnownFileType = audio.mp3; path = horse.mp3; sourceTree = "<group>"; };
		18944EEA2C53E6830055DF9F /* pig.mp3 */ = {isa = PBXFileReference; lastKnownFileType = audio.mp3; path = pig.mp3; sourceTree = "<group>"; };
		18944EEB2C53E6830055DF9F /* rabbit.mp3 */ = {isa = PBXFileReference; lastKnownFileType = audio.mp3; path = rabbit.mp3; sourceTree = "<group>"; };
		18944EEC2C53E6830055DF9F /* sheep.mp3 */ = {isa = PBXFileReference; lastKnownFileType = audio.mp3; path = sheep.mp3; sourceTree = "<group>"; };
		18944EF92C53E70B0055DF9F /* GuessGameView.swift */ = {isa = PBXFileReference; lastKnownFileType = sourcecode.swift; path = GuessGameView.swift; sourceTree = "<group>"; };
		18944F022C584B180055DF9F /* ImageView.swift */ = {isa = PBXFileReference; lastKnownFileType = sourcecode.swift; path = ImageView.swift; sourceTree = "<group>"; };
		18944F0A2C5BE4070055DF9F /* FarmAnimalsCardView.swift */ = {isa = PBXFileReference; lastKnownFileType = sourcecode.swift; path = FarmAnimalsCardView.swift; sourceTree = "<group>"; };
		18944F0C2C5BE60B0055DF9F /* FarmAnimaEmojiCardView.swift */ = {isa = PBXFileReference; lastKnownFileType = sourcecode.swift; path = FarmAnimaEmojiCardView.swift; sourceTree = "<group>"; };
		18944F102C5C31D30055DF9F /* FarmAnimalsViewModel.swift */ = {isa = PBXFileReference; lastKnownFileType = sourcecode.swift; path = FarmAnimalsViewModel.swift; sourceTree = "<group>"; };
		18944F122C5C371B0055DF9F /* MainMenuView.swift */ = {isa = PBXFileReference; lastKnownFileType = sourcecode.swift; path = MainMenuView.swift; sourceTree = "<group>"; };
		18944F182C6266800055DF9F /* FlipCardView.swift */ = {isa = PBXFileReference; lastKnownFileType = sourcecode.swift; path = FlipCardView.swift; sourceTree = "<group>"; };
/* End PBXFileReference section */

/* Begin PBXFrameworksBuildPhase section */
		18944E4B2C52ED8D0055DF9F /* Frameworks */ = {
			isa = PBXFrameworksBuildPhase;
			buildActionMask = 2147483647;
			files = (
			);
			runOnlyForDeploymentPostprocessing = 0;
		};
/* End PBXFrameworksBuildPhase section */

/* Begin PBXGroup section */
		18944E452C52ED8D0055DF9F = {
			isa = PBXGroup;
			children = (
				18944E502C52ED8D0055DF9F /* PlayWithMax 1.0 */,
				18944E4F2C52ED8D0055DF9F /* Products */,
			);
			sourceTree = "<group>";
		};
		18944E4F2C52ED8D0055DF9F /* Products */ = {
			isa = PBXGroup;
			children = (
				18944E4E2C52ED8D0055DF9F /* PlayWithMax 1.0.app */,
			);
			name = Products;
			sourceTree = "<group>";
		};
		18944E502C52ED8D0055DF9F /* PlayWithMax 1.0 */ = {
			isa = PBXGroup;
			children = (
				18944F142C5C37460055DF9F /* MainMenu */,
				18944EED2C53E6830055DF9F /* Sounds */,
				18944E512C52ED8D0055DF9F /* PlayWithMax_1_0App.swift */,
				18944E622C52FC3B0055DF9F /* AudioPlayer.swift */,
				18944E532C52ED8D0055DF9F /* ContentView.swift */,
				18944F0F2C5C319D0055DF9F /* FarmAnimals */,
				18944F0E2C5C31600055DF9F /* FarmAnimalsEmoji */,
				18944F152C625C790055DF9F /* GuessTheAnimalGame */,
				18944F022C584B180055DF9F /* ImageView.swift */,
				18944E552C52ED8F0055DF9F /* Assets.xcassets */,
				18944E572C52ED8F0055DF9F /* Preview Content */,
			);
			path = "PlayWithMax 1.0";
			sourceTree = "<group>";
		};
		18944E572C52ED8F0055DF9F /* Preview Content */ = {
			isa = PBXGroup;
			children = (
				18944E582C52ED8F0055DF9F /* Preview Assets.xcassets */,
			);
			path = "Preview Content";
			sourceTree = "<group>";
		};
		18944EED2C53E6830055DF9F /* Sounds */ = {
			isa = PBXGroup;
			children = (
				18944EE22C53E6830055DF9F /* cat.mp3 */,
				18944EE32C53E6830055DF9F /* chicken.mp3 */,
				18944EE42C53E6830055DF9F /* cow.mp3 */,
				18944EE52C53E6830055DF9F /* dog.mp3 */,
				18944EE62C53E6830055DF9F /* donkey.mp3 */,
				18944EE72C53E6830055DF9F /* duck.mp3 */,
				18944EE82C53E6830055DF9F /* goat.mp3 */,
				18944EE92C53E6830055DF9F /* horse.mp3 */,
				18944EEA2C53E6830055DF9F /* pig.mp3 */,
				18944EEB2C53E6830055DF9F /* rabbit.mp3 */,
				18944EEC2C53E6830055DF9F /* sheep.mp3 */,
			);
			path = Sounds;
			sourceTree = "<group>";
		};
		18944F0E2C5C31600055DF9F /* FarmAnimalsEmoji */ = {
			isa = PBXGroup;
			children = (
				18944F0C2C5BE60B0055DF9F /* FarmAnimaEmojiCardView.swift */,
				18944E782C530C620055DF9F /* Model.swift */,
			);
			path = FarmAnimalsEmoji;
			sourceTree = "<group>";
		};
		18944F0F2C5C319D0055DF9F /* FarmAnimals */ = {
			isa = PBXGroup;
			children = (
				18944F0A2C5BE4070055DF9F /* FarmAnimalsCardView.swift */,
				18944F102C5C31D30055DF9F /* FarmAnimalsViewModel.swift */,
			);
			path = FarmAnimals;
			sourceTree = "<group>";
		};
		18944F142C5C37460055DF9F /* MainMenu */ = {
			isa = PBXGroup;
			children = (
				18944F122C5C371B0055DF9F /* MainMenuView.swift */,
			);
			path = MainMenu;
			sourceTree = "<group>";
		};
		18944F152C625C790055DF9F /* GuessTheAnimalGame */ = {
			isa = PBXGroup;
			children = (
				18944EF92C53E70B0055DF9F /* GuessGameView.swift */,
				18944F182C6266800055DF9F /* FlipCardView.swift */,
				180A7BE82C6A7D44009AD6E1 /* GuessGameModel.swift */,
			);
			path = GuessTheAnimalGame;
			sourceTree = "<group>";
		};
/* End PBXGroup section */

/* Begin PBXNativeTarget section */
		18944E4D2C52ED8D0055DF9F /* PlayWithMax 1.0 */ = {
			isa = PBXNativeTarget;
			buildConfigurationList = 18944E5C2C52ED8F0055DF9F /* Build configuration list for PBXNativeTarget "PlayWithMax 1.0" */;
			buildPhases = (
				18944E4A2C52ED8D0055DF9F /* Sources */,
				18944E4B2C52ED8D0055DF9F /* Frameworks */,
				18944E4C2C52ED8D0055DF9F /* Resources */,
			);
			buildRules = (
			);
			dependencies = (
			);
			name = "PlayWithMax 1.0";
			productName = "PlayWithMax 1.0";
			productReference = 18944E4E2C52ED8D0055DF9F /* PlayWithMax 1.0.app */;
			productType = "com.apple.product-type.application";
		};
/* End PBXNativeTarget section */

/* Begin PBXProject section */
		18944E462C52ED8D0055DF9F /* Project object */ = {
			isa = PBXProject;
			attributes = {
				BuildIndependentTargetsInParallel = 1;
				LastSwiftUpdateCheck = 1540;
				LastUpgradeCheck = 1540;
				TargetAttributes = {
					18944E4D2C52ED8D0055DF9F = {
						CreatedOnToolsVersion = 15.4;
					};
				};
			};
			buildConfigurationList = 18944E492C52ED8D0055DF9F /* Build configuration list for PBXProject "PlayWithMax 1.0" */;
			compatibilityVersion = "Xcode 14.0";
			developmentRegion = en;
			hasScannedForEncodings = 0;
			knownRegions = (
				en,
				Base,
			);
			mainGroup = 18944E452C52ED8D0055DF9F;
			productRefGroup = 18944E4F2C52ED8D0055DF9F /* Products */;
			projectDirPath = "";
			projectRoot = "";
			targets = (
				18944E4D2C52ED8D0055DF9F /* PlayWithMax 1.0 */,
			);
		};
/* End PBXProject section */

/* Begin PBXResourcesBuildPhase section */
		18944E4C2C52ED8D0055DF9F /* Resources */ = {
			isa = PBXResourcesBuildPhase;
			buildActionMask = 2147483647;
			files = (
				18944EEE2C53E6830055DF9F /* cat.mp3 in Resources */,
				18944E592C52ED8F0055DF9F /* Preview Assets.xcassets in Resources */,
				18944EF52C53E6830055DF9F /* horse.mp3 in Resources */,
				18944EF82C53E6830055DF9F /* sheep.mp3 in Resources */,
				18944EF42C53E6830055DF9F /* goat.mp3 in Resources */,
				18944EEF2C53E6830055DF9F /* chicken.mp3 in Resources */,
				18944EF62C53E6830055DF9F /* pig.mp3 in Resources */,
				18944EF22C53E6830055DF9F /* donkey.mp3 in Resources */,
				18944EF12C53E6830055DF9F /* dog.mp3 in Resources */,
				18944EF72C53E6830055DF9F /* rabbit.mp3 in Resources */,
				18944EF32C53E6830055DF9F /* duck.mp3 in Resources */,
				18944E562C52ED8F0055DF9F /* Assets.xcassets in Resources */,
				18944EF02C53E6830055DF9F /* cow.mp3 in Resources */,
			);
			runOnlyForDeploymentPostprocessing = 0;
		};
/* End PBXResourcesBuildPhase section */

/* Begin PBXSourcesBuildPhase section */
		18944E4A2C52ED8D0055DF9F /* Sources */ = {
			isa = PBXSourcesBuildPhase;
			buildActionMask = 2147483647;
			files = (
				18944F132C5C371B0055DF9F /* MainMenuView.swift in Sources */,
				18944F032C584B180055DF9F /* ImageView.swift in Sources */,
				18944E542C52ED8D0055DF9F /* ContentView.swift in Sources */,
				18944E522C52ED8D0055DF9F /* PlayWithMax_1_0App.swift in Sources */,
				18944F192C6266800055DF9F /* FlipCardView.swift in Sources */,
				180A7BE92C6A7D44009AD6E1 /* GuessGameModel.swift in Sources */,
				18944E632C52FC3B0055DF9F /* AudioPlayer.swift in Sources */,
				18944F0D2C5BE60C0055DF9F /* FarmAnimaEmojiCardView.swift in Sources */,
				18944EFA2C53E70B0055DF9F /* GuessGameView.swift in Sources */,
				18944E792C530C620055DF9F /* Model.swift in Sources */,
				18944F0B2C5BE4070055DF9F /* FarmAnimalsCardView.swift in Sources */,
				18944F112C5C31D30055DF9F /* FarmAnimalsViewModel.swift in Sources */,
			);
			runOnlyForDeploymentPostprocessing = 0;
		};
/* End PBXSourcesBuildPhase section */

/* Begin XCBuildConfiguration section */
		18944E5A2C52ED8F0055DF9F /* Debug */ = {
			isa = XCBuildConfiguration;
			buildSettings = {
				ALWAYS_SEARCH_USER_PATHS = NO;
				ASSETCATALOG_COMPILER_GENERATE_SWIFT_ASSET_SYMBOL_EXTENSIONS = YES;
				CLANG_ANALYZER_NONNULL = YES;
				CLANG_ANALYZER_NUMBER_OBJECT_CONVERSION = YES_AGGRESSIVE;
				CLANG_CXX_LANGUAGE_STANDARD = "gnu++20";
				CLANG_ENABLE_MODULES = YES;
				CLANG_ENABLE_OBJC_ARC = YES;
				CLANG_ENABLE_OBJC_WEAK = YES;
				CLANG_WARN_BLOCK_CAPTURE_AUTORELEASING = YES;
				CLANG_WARN_BOOL_CONVERSION = YES;
				CLANG_WARN_COMMA = YES;
				CLANG_WARN_CONSTANT_CONVERSION = YES;
				CLANG_WARN_DEPRECATED_OBJC_IMPLEMENTATIONS = YES;
				CLANG_WARN_DIRECT_OBJC_ISA_USAGE = YES_ERROR;
				CLANG_WARN_DOCUMENTATION_COMMENTS = YES;
				CLANG_WARN_EMPTY_BODY = YES;
				CLANG_WARN_ENUM_CONVERSION = YES;
				CLANG_WARN_INFINITE_RECURSION = YES;
				CLANG_WARN_INT_CONVERSION = YES;
				CLANG_WARN_NON_LITERAL_NULL_CONVERSION = YES;
				CLANG_WARN_OBJC_IMPLICIT_RETAIN_SELF = YES;
				CLANG_WARN_OBJC_LITERAL_CONVERSION = YES;
				CLANG_WARN_OBJC_ROOT_CLASS = YES_ERROR;
				CLANG_WARN_QUOTED_INCLUDE_IN_FRAMEWORK_HEADER = YES;
				CLANG_WARN_RANGE_LOOP_ANALYSIS = YES;
				CLANG_WARN_STRICT_PROTOTYPES = YES;
				CLANG_WARN_SUSPICIOUS_MOVE = YES;
				CLANG_WARN_UNGUARDED_AVAILABILITY = YES_AGGRESSIVE;
				CLANG_WARN_UNREACHABLE_CODE = YES;
				CLANG_WARN__DUPLICATE_METHOD_MATCH = YES;
				COPY_PHASE_STRIP = NO;
				DEBUG_INFORMATION_FORMAT = dwarf;
				ENABLE_STRICT_OBJC_MSGSEND = YES;
				ENABLE_TESTABILITY = YES;
				ENABLE_USER_SCRIPT_SANDBOXING = YES;
				GCC_C_LANGUAGE_STANDARD = gnu17;
				GCC_DYNAMIC_NO_PIC = NO;
				GCC_NO_COMMON_BLOCKS = YES;
				GCC_OPTIMIZATION_LEVEL = 0;
				GCC_PREPROCESSOR_DEFINITIONS = (
					"DEBUG=1",
					"$(inherited)",
				);
				GCC_WARN_64_TO_32_BIT_CONVERSION = YES;
				GCC_WARN_ABOUT_RETURN_TYPE = YES_ERROR;
				GCC_WARN_UNDECLARED_SELECTOR = YES;
				GCC_WARN_UNINITIALIZED_AUTOS = YES_AGGRESSIVE;
				GCC_WARN_UNUSED_FUNCTION = YES;
				GCC_WARN_UNUSED_VARIABLE = YES;
				IPHONEOS_DEPLOYMENT_TARGET = 17.5;
				LOCALIZATION_PREFERS_STRING_CATALOGS = YES;
				MTL_ENABLE_DEBUG_INFO = INCLUDE_SOURCE;
				MTL_FAST_MATH = YES;
				ONLY_ACTIVE_ARCH = YES;
				SDKROOT = iphoneos;
				SWIFT_ACTIVE_COMPILATION_CONDITIONS = "DEBUG $(inherited)";
				SWIFT_OPTIMIZATION_LEVEL = "-Onone";
			};
			name = Debug;
		};
		18944E5B2C52ED8F0055DF9F /* Release */ = {
			isa = XCBuildConfiguration;
			buildSettings = {
				ALWAYS_SEARCH_USER_PATHS = NO;
				ASSETCATALOG_COMPILER_GENERATE_SWIFT_ASSET_SYMBOL_EXTENSIONS = YES;
				CLANG_ANALYZER_NONNULL = YES;
				CLANG_ANALYZER_NUMBER_OBJECT_CONVERSION = YES_AGGRESSIVE;
				CLANG_CXX_LANGUAGE_STANDARD = "gnu++20";
				CLANG_ENABLE_MODULES = YES;
				CLANG_ENABLE_OBJC_ARC = YES;
				CLANG_ENABLE_OBJC_WEAK = YES;
				CLANG_WARN_BLOCK_CAPTURE_AUTORELEASING = YES;
				CLANG_WARN_BOOL_CONVERSION = YES;
				CLANG_WARN_COMMA = YES;
				CLANG_WARN_CONSTANT_CONVERSION = YES;
				CLANG_WARN_DEPRECATED_OBJC_IMPLEMENTATIONS = YES;
				CLANG_WARN_DIRECT_OBJC_ISA_USAGE = YES_ERROR;
				CLANG_WARN_DOCUMENTATION_COMMENTS = YES;
				CLANG_WARN_EMPTY_BODY = YES;
				CLANG_WARN_ENUM_CONVERSION = YES;
				CLANG_WARN_INFINITE_RECURSION = YES;
				CLANG_WARN_INT_CONVERSION = YES;
				CLANG_WARN_NON_LITERAL_NULL_CONVERSION = YES;
				CLANG_WARN_OBJC_IMPLICIT_RETAIN_SELF = YES;
				CLANG_WARN_OBJC_LITERAL_CONVERSION = YES;
				CLANG_WARN_OBJC_ROOT_CLASS = YES_ERROR;
				CLANG_WARN_QUOTED_INCLUDE_IN_FRAMEWORK_HEADER = YES;
				CLANG_WARN_RANGE_LOOP_ANALYSIS = YES;
				CLANG_WARN_STRICT_PROTOTYPES = YES;
				CLANG_WARN_SUSPICIOUS_MOVE = YES;
				CLANG_WARN_UNGUARDED_AVAILABILITY = YES_AGGRESSIVE;
				CLANG_WARN_UNREACHABLE_CODE = YES;
				CLANG_WARN__DUPLICATE_METHOD_MATCH = YES;
				COPY_PHASE_STRIP = NO;
				DEBUG_INFORMATION_FORMAT = "dwarf-with-dsym";
				ENABLE_NS_ASSERTIONS = NO;
				ENABLE_STRICT_OBJC_MSGSEND = YES;
				ENABLE_USER_SCRIPT_SANDBOXING = YES;
				GCC_C_LANGUAGE_STANDARD = gnu17;
				GCC_NO_COMMON_BLOCKS = YES;
				GCC_WARN_64_TO_32_BIT_CONVERSION = YES;
				GCC_WARN_ABOUT_RETURN_TYPE = YES_ERROR;
				GCC_WARN_UNDECLARED_SELECTOR = YES;
				GCC_WARN_UNINITIALIZED_AUTOS = YES_AGGRESSIVE;
				GCC_WARN_UNUSED_FUNCTION = YES;
				GCC_WARN_UNUSED_VARIABLE = YES;
				IPHONEOS_DEPLOYMENT_TARGET = 17.5;
				LOCALIZATION_PREFERS_STRING_CATALOGS = YES;
				MTL_ENABLE_DEBUG_INFO = NO;
				MTL_FAST_MATH = YES;
				SDKROOT = iphoneos;
				SWIFT_COMPILATION_MODE = wholemodule;
				VALIDATE_PRODUCT = YES;
			};
			name = Release;
		};
		18944E5D2C52ED8F0055DF9F /* Debug */ = {
			isa = XCBuildConfiguration;
			buildSettings = {
				ASSETCATALOG_COMPILER_APPICON_NAME = AppIcon;
				ASSETCATALOG_COMPILER_GLOBAL_ACCENT_COLOR_NAME = AccentColor;
				CODE_SIGN_STYLE = Automatic;
				CURRENT_PROJECT_VERSION = 1;
				DEVELOPMENT_ASSET_PATHS = "\"PlayWithMax 1.0/Preview Content\"";
				DEVELOPMENT_TEAM = 9BTDG64AN5;
				ENABLE_PREVIEWS = YES;
				GENERATE_INFOPLIST_FILE = YES;
				INFOPLIST_KEY_UIApplicationSceneManifest_Generation = YES;
				INFOPLIST_KEY_UIApplicationSupportsIndirectInputEvents = YES;
				INFOPLIST_KEY_UILaunchScreen_Generation = YES;
				INFOPLIST_KEY_UISupportedInterfaceOrientations_iPad = "UIInterfaceOrientationPortrait UIInterfaceOrientationPortraitUpsideDown UIInterfaceOrientationLandscapeLeft UIInterfaceOrientationLandscapeRight";
				INFOPLIST_KEY_UISupportedInterfaceOrientations_iPhone = "UIInterfaceOrientationPortrait UIInterfaceOrientationLandscapeLeft UIInterfaceOrientationLandscapeRight";
				LD_RUNPATH_SEARCH_PATHS = (
					"$(inherited)",
					"@executable_path/Frameworks",
				);
				MARKETING_VERSION = 1.0;
				PRODUCT_BUNDLE_IDENTIFIER = "dev.lucieweb.PlayWithMax-1-0";
				PRODUCT_NAME = "$(TARGET_NAME)";
				SWIFT_EMIT_LOC_STRINGS = YES;
				SWIFT_VERSION = 5.0;
				TARGETED_DEVICE_FAMILY = "1,2";
			};
			name = Debug;
		};
		18944E5E2C52ED8F0055DF9F /* Release */ = {
			isa = XCBuildConfiguration;
			buildSettings = {
				ASSETCATALOG_COMPILER_APPICON_NAME = AppIcon;
				ASSETCATALOG_COMPILER_GLOBAL_ACCENT_COLOR_NAME = AccentColor;
				CODE_SIGN_STYLE = Automatic;
				CURRENT_PROJECT_VERSION = 1;
				DEVELOPMENT_ASSET_PATHS = "\"PlayWithMax 1.0/Preview Content\"";
				DEVELOPMENT_TEAM = 9BTDG64AN5;
				ENABLE_PREVIEWS = YES;
				GENERATE_INFOPLIST_FILE = YES;
				INFOPLIST_KEY_UIApplicationSceneManifest_Generation = YES;
				INFOPLIST_KEY_UIApplicationSupportsIndirectInputEvents = YES;
				INFOPLIST_KEY_UILaunchScreen_Generation = YES;
				INFOPLIST_KEY_UISupportedInterfaceOrientations_iPad = "UIInterfaceOrientationPortrait UIInterfaceOrientationPortraitUpsideDown UIInterfaceOrientationLandscapeLeft UIInterfaceOrientationLandscapeRight";
				INFOPLIST_KEY_UISupportedInterfaceOrientations_iPhone = "UIInterfaceOrientationPortrait UIInterfaceOrientationLandscapeLeft UIInterfaceOrientationLandscapeRight";
				LD_RUNPATH_SEARCH_PATHS = (
					"$(inherited)",
					"@executable_path/Frameworks",
				);
				MARKETING_VERSION = 1.0;
				PRODUCT_BUNDLE_IDENTIFIER = "dev.lucieweb.PlayWithMax-1-0";
				PRODUCT_NAME = "$(TARGET_NAME)";
				SWIFT_EMIT_LOC_STRINGS = YES;
				SWIFT_VERSION = 5.0;
				TARGETED_DEVICE_FAMILY = "1,2";
			};
			name = Release;
		};
/* End XCBuildConfiguration section */

/* Begin XCConfigurationList section */
		18944E492C52ED8D0055DF9F /* Build configuration list for PBXProject "PlayWithMax 1.0" */ = {
			isa = XCConfigurationList;
			buildConfigurations = (
				18944E5A2C52ED8F0055DF9F /* Debug */,
				18944E5B2C52ED8F0055DF9F /* Release */,
			);
			defaultConfigurationIsVisible = 0;
			defaultConfigurationName = Release;
		};
		18944E5C2C52ED8F0055DF9F /* Build configuration list for PBXNativeTarget "PlayWithMax 1.0" */ = {
			isa = XCConfigurationList;
			buildConfigurations = (
				18944E5D2C52ED8F0055DF9F /* Debug */,
				18944E5E2C52ED8F0055DF9F /* Release */,
			);
			defaultConfigurationIsVisible = 0;
			defaultConfigurationName = Release;
		};
/* End XCConfigurationList section */
	};
	rootObject = 18944E462C52ED8D0055DF9F /* Project object */;
}
